
Microsoft Visual Studio Solution File, Format Version 12.00
# Visual Studio Version 17
VisualStudioVersion = 17.13.35806.99 d17.13
MinimumVisualStudioVersion = 10.0.40219.1
Project("{FAE04EC0-301F-11D3-BF4B-00C04F79EFBC}") = "HellthrowerWPF", "HellthrowerWPF.csproj", "{6FF2EF3F-C375-478B-A78E-C82C371F30C3}"
EndProject
Global
	GlobalSection(SolutionConfigurationPlatforms) = preSolution
		Debug|Any CPU = Debug|Any CPU
		Release|Any CPU = Release|Any CPU
	EndGlobalSection
	GlobalSection(ProjectConfigurationPlatforms) = postSolution
		{6FF2EF3F-C375-478B-A78E-C82C371F30C3}.Debug|Any CPU.ActiveCfg = Debug|Any CPU
		{6FF2EF3F-C375-478B-A78E-C82C371F30C3}.Debug|Any CPU.Build.0 = Debug|Any CPU
		{6FF2EF3F-C375-478B-A78E-C82C371F30C3}.Release|Any CPU.ActiveCfg = Release|Any CPU
		{6FF2EF3F-C375-478B-A78E-C82C371F30C3}.Release|Any CPU.Build.0 = Release|Any CPU
	EndGlobalSection
	GlobalSection(SolutionProperties) = preSolution
		HideSolutionNode = FALSE
	EndGlobalSection
	GlobalSection(ExtensibilityGlobals) = postSolution
		SolutionGuid = {0FFEB13E-A7FE-447D-8C58-D7706E84F902}
	EndGlobalSection
EndGlobal
